
Microsoft Visual Studio Solution File, Format Version 12.00
# Visual Studio 15
VisualStudioVersion = 15.0.28307.421
MinimumVisualStudioVersion = 10.0.40219.1
Project("{FAE04EC0-301F-11D3-BF4B-00C04F79EFBC}") = "Unit.Test2", "Unit.Test2\Unit.Test2.csproj", "{0AF32387-DA83-497F-A8FA-CF4D17F4DEB8}"
EndProject
Global
	GlobalSection(SolutionConfigurationPlatforms) = preSolution
		Debug|Any CPU = Debug|Any CPU
		Release|Any CPU = Release|Any CPU
	EndGlobalSection
	GlobalSection(ProjectConfigurationPlatforms) = postSolution
		{0AF32387-DA83-497F-A8FA-CF4D17F4DEB8}.Debug|Any CPU.ActiveCfg = Debug|Any CPU
		{0AF32387-DA83-497F-A8FA-CF4D17F4DEB8}.Debug|Any CPU.Build.0 = Debug|Any CPU
		{0AF32387-DA83-497F-A8FA-CF4D17F4DEB8}.Release|Any CPU.ActiveCfg = Release|Any CPU
		{0AF32387-DA83-497F-A8FA-CF4D17F4DEB8}.Release|Any CPU.Build.0 = Release|Any CPU
	EndGlobalSection
	GlobalSection(SolutionProperties) = preSolution
		HideSolutionNode = FALSE
	EndGlobalSection
	GlobalSection(ExtensibilityGlobals) = postSolution
		SolutionGuid = {C0CE7C3C-8571-44AB-BEAD-E7281AA5F087}
	EndGlobalSection
EndGlobal
